
Microsoft Visual Studio Solution File, Format Version 12.00
# Visual Studio Version 16
VisualStudioVersion = 16.0.30011.22
MinimumVisualStudioVersion = 10.0.40219.1
Project("{9A19103F-16F7-4668-BE54-9A1E7A4F7556}") = "PasswordManagerApp", "PasswordManagerApp\PasswordManagerApp.csproj", "{3F247917-047C-43C0-B2EC-D7A12C7CBE06}"
EndProject
Project("{FAE04EC0-301F-11D3-BF4B-00C04F79EFBC}") = "EmailService", "EmailService\EmailService.csproj", "{316DE97E-6CF2-4532-830A-026E41352A9A}"
EndProject
Global
	GlobalSection(SolutionConfigurationPlatforms) = preSolution
		Debug|Any CPU = Debug|Any CPU
		Release|Any CPU = Release|Any CPU
	EndGlobalSection
	GlobalSection(ProjectConfigurationPlatforms) = postSolution
		{3F247917-047C-43C0-B2EC-D7A12C7CBE06}.Debug|Any CPU.ActiveCfg = Debug|Any CPU
		{3F247917-047C-43C0-B2EC-D7A12C7CBE06}.Debug|Any CPU.Build.0 = Debug|Any CPU
		{3F247917-047C-43C0-B2EC-D7A12C7CBE06}.Release|Any CPU.ActiveCfg = Release|Any CPU
		{3F247917-047C-43C0-B2EC-D7A12C7CBE06}.Release|Any CPU.Build.0 = Release|Any CPU
		{316DE97E-6CF2-4532-830A-026E41352A9A}.Debug|Any CPU.ActiveCfg = Debug|Any CPU
		{316DE97E-6CF2-4532-830A-026E41352A9A}.Debug|Any CPU.Build.0 = Debug|Any CPU
		{316DE97E-6CF2-4532-830A-026E41352A9A}.Release|Any CPU.ActiveCfg = Release|Any CPU
		{316DE97E-6CF2-4532-830A-026E41352A9A}.Release|Any CPU.Build.0 = Release|Any CPU
	EndGlobalSection
	GlobalSection(SolutionProperties) = preSolution
		HideSolutionNode = FALSE
	EndGlobalSection
	GlobalSection(ExtensibilityGlobals) = postSolution
		SolutionGuid = {BE46A66A-E8D6-455E-80DF-B70DDFC898FF}
	EndGlobalSection
EndGlobal
